
Microsoft Visual Studio Solution File, Format Version 12.00
# Visual Studio 2012
Project("{FAE04EC0-301F-11D3-BF4B-00C04F79EFBC}") = "DragMeter.Core", "DragMeter.Core\DragMeter.Core.csproj", "{03053C53-0BA9-40EC-8151-A3F7581D9E3C}"
EndProject
Project("{FAE04EC0-301F-11D3-BF4B-00C04F79EFBC}") = "DragMeter.Phone", "DragMeter.Phone\DragMeter.Phone.csproj", "{5819CB24-582F-458D-AD25-B87CCF476830}"
EndProject
Global
	GlobalSection(SolutionConfigurationPlatforms) = preSolution
		Debug|Any CPU = Debug|Any CPU
		Release|Any CPU = Release|Any CPU
	EndGlobalSection
	GlobalSection(ProjectConfigurationPlatforms) = postSolution
		{03053C53-0BA9-40EC-8151-A3F7581D9E3C}.Debug|Any CPU.ActiveCfg = Debug|Any CPU
		{03053C53-0BA9-40EC-8151-A3F7581D9E3C}.Debug|Any CPU.Build.0 = Debug|Any CPU
		{03053C53-0BA9-40EC-8151-A3F7581D9E3C}.Release|Any CPU.ActiveCfg = Release|Any CPU
		{03053C53-0BA9-40EC-8151-A3F7581D9E3C}.Release|Any CPU.Build.0 = Release|Any CPU
		{5819CB24-582F-458D-AD25-B87CCF476830}.Debug|Any CPU.ActiveCfg = Debug|Any CPU
		{5819CB24-582F-458D-AD25-B87CCF476830}.Debug|Any CPU.Build.0 = Debug|Any CPU
		{5819CB24-582F-458D-AD25-B87CCF476830}.Debug|Any CPU.Deploy.0 = Debug|Any CPU
		{5819CB24-582F-458D-AD25-B87CCF476830}.Release|Any CPU.ActiveCfg = Release|Any CPU
		{5819CB24-582F-458D-AD25-B87CCF476830}.Release|Any CPU.Build.0 = Release|Any CPU
		{5819CB24-582F-458D-AD25-B87CCF476830}.Release|Any CPU.Deploy.0 = Release|Any CPU
	EndGlobalSection
	GlobalSection(SolutionProperties) = preSolution
		HideSolutionNode = FALSE
	EndGlobalSection
EndGlobal
